{
  "nodes": {
    "alliance-check-toolkit": {
      "flake": false,
      "locked": {
        "lastModified": 1624038537,
        "narHash": "sha256-Z8erR1YbKR7ndHU75Yb6DOSzj07ZJB2GGx+zSJvNJ7Y=",
        "ref": "master",
        "rev": "f28f970148e8f942fb2cf971d41333d42c1d886b",
        "revCount": 269,
        "type": "git",
        "url": "https://gitlab.lip6.fr/vlsi-eda/alliance-check-toolkit.git"
      },
      "original": {
        "type": "git",
        "url": "https://gitlab.lip6.fr/vlsi-eda/alliance-check-toolkit.git"
      }
    },
    "c4m-pdk-freepdk45": {
      "flake": false,
      "locked": {
        "lastModified": 1615733320,
        "narHash": "sha256-EFBYtNi9ZgLkaPrdM0lNVvfGp+/BMRH52Pm92GWcbPo=",
        "owner": "Chips4Makers",
        "repo": "c4m-pdk-freepdk45",
        "rev": "985af7afbcfc3ae7c8fc7e78f688d4c5c78cab5e",
        "type": "gitlab"
      },
      "original": {
        "owner": "Chips4Makers",
        "repo": "c4m-pdk-freepdk45",
        "type": "gitlab"
      }
    },
    "nixpkgs": {
      "locked": {
        "lastModified": 1630612789,
        "narHash": "sha256-f1q5ExkMX2CBqBcRmrlnpewADt3EjhyncP/PfwUhK/Q=",
        "owner": "L-as",
        "repo": "nixpkgs",
        "rev": "11f9ff27bc66bf653ccbbfae1412e6f5705e4a5c",
        "type": "github"
      },
      "original": {
        "owner": "L-as",
        "ref": "alliance",
        "repo": "nixpkgs",
        "type": "github"
      }
    },
    "pinmux": {
      "flake": false,
      "locked": {
        "lastModified": 1623433602,
        "narHash": "sha256-+YHxekMG3rC4FYRmreVjJ7AFPbB5vVPG+99votPEzl4=",
        "ref": "master",
        "rev": "d96f737c0a53dde983060522816bbef016b449ce",
        "revCount": 837,
        "type": "git",
        "url": "https://git.libre-soc.org/git/pinmux.git"
      },
      "original": {
        "type": "git",
        "url": "https://git.libre-soc.org/git/pinmux.git"
      }
    },
    "root": {
      "inputs": {
        "alliance-check-toolkit": "alliance-check-toolkit",
        "c4m-pdk-freepdk45": "c4m-pdk-freepdk45",
        "nixpkgs": "nixpkgs",
        "pinmux": "pinmux",
        "soclayout": "soclayout"
      }
    },
    "soclayout": {
      "flake": false,
      "locked": {
        "lastModified": 1625141014,
        "narHash": "sha256-9W104e0jl2raFWtVo/J/F9bfIPi67THR5YaftT8YmYI=",
        "ref": "master",
        "rev": "81d267598a931153815db6cbf0e44f86973575aa",
        "revCount": 507,
        "type": "git",
        "url": "https://git.libre-soc.org/git/soclayout.git"
      },
      "original": {
        "type": "git",
        "url": "https://git.libre-soc.org/git/soclayout.git"
      }
    }
  },
  "root": "root",
  "version": 7
}
