# This file is automatically @generated by Poetry 1.5.1 and should not be changed by hand.

[[package]]
name = "cmake"
version = "3.27.0"
description = "CMake is an open-source, cross-platform family of tools designed to build, test and package software"
optional = false
python-versions = "*"
files = [
    {file = "cmake-3.27.0-py2.py3-none-macosx_10_10_universal2.macosx_10_10_x86_64.macosx_11_0_arm64.macosx_11_0_universal2.whl", hash = "sha256:9ccab4cd93578d3c2df32e66b44b313b75a7484032645040431dc06a583ca4aa"},
    {file = "cmake-3.27.0-py2.py3-none-manylinux2010_i686.manylinux_2_12_i686.whl", hash = "sha256:199bfaefb752e82d8067aeee5d6a6e0414fe0d60e9a3fd08e95d537a97e0db16"},
    {file = "cmake-3.27.0-py2.py3-none-manylinux2010_x86_64.manylinux_2_12_x86_64.whl", hash = "sha256:8745eff805f36762d3e8e904698b853cb4a9da8b4b07d1c12bcd1e1a6c4a1709"},
    {file = "cmake-3.27.0-py2.py3-none-manylinux2014_aarch64.manylinux_2_17_aarch64.whl", hash = "sha256:58a3f39d3d1bc897f05e531bfa676246a2b25d424c6a47e4b6bbc193fb560db7"},
    {file = "cmake-3.27.0-py2.py3-none-manylinux2014_i686.manylinux_2_17_i686.whl", hash = "sha256:b470ccd3f86cf19a63f6b221c9cceebcc58e32d3787d0d5f9f43d1d91a095090"},
    {file = "cmake-3.27.0-py2.py3-none-manylinux2014_ppc64le.manylinux_2_17_ppc64le.whl", hash = "sha256:35a8d397ce883e93b5e6561e2803ce9470df52283862264093c1078530f98189"},
    {file = "cmake-3.27.0-py2.py3-none-manylinux2014_s390x.manylinux_2_17_s390x.whl", hash = "sha256:1f38d87b2c65763a0113f4a6c652e6f4b5adf90b384c1e1d69e4f8a3104a57d6"},
    {file = "cmake-3.27.0-py2.py3-none-manylinux2014_x86_64.manylinux_2_17_x86_64.whl", hash = "sha256:b9d5811954dcedcaa6c915c4a9bb6d64b55ac189e9cbc74be726307d9d084804"},
    {file = "cmake-3.27.0-py2.py3-none-musllinux_1_1_aarch64.whl", hash = "sha256:073e4f196d0888216e6794c08cd984ddabc108c0e4e66f48fbd7610d1e6d726d"},
    {file = "cmake-3.27.0-py2.py3-none-musllinux_1_1_i686.whl", hash = "sha256:e58e48643903e6fad76274337f9a4d3c575b8e21cd05c6214780b2c98bb0c706"},
    {file = "cmake-3.27.0-py2.py3-none-musllinux_1_1_ppc64le.whl", hash = "sha256:9740ed9f61a3bd8708a41cadd5c057c04f38e5b89bd773e369df2e210a1c55a3"},
    {file = "cmake-3.27.0-py2.py3-none-musllinux_1_1_s390x.whl", hash = "sha256:1b3189171665f5c8d748ae7fe10a29fff1ebeedeaef57b16f1ea54b1ec0fe514"},
    {file = "cmake-3.27.0-py2.py3-none-musllinux_1_1_x86_64.whl", hash = "sha256:c4c968c188e7518deb463a14e64f3a19f242c9dcf7f24e1dbcc1419690cd54e0"},
    {file = "cmake-3.27.0-py2.py3-none-win32.whl", hash = "sha256:5561aca62b65aac844f3931e74cfeb696e4534de145e3307bf942e735736541e"},
    {file = "cmake-3.27.0-py2.py3-none-win_amd64.whl", hash = "sha256:48be3afe62c9513a49be007896a4058fafec512cb1f269a50126da30aacad97f"},
    {file = "cmake-3.27.0-py2.py3-none-win_arm64.whl", hash = "sha256:6f46a170b0c9c552d52da4346534570f818195dfc4f1d0c03264e24cc348fc60"},
    {file = "cmake-3.27.0.tar.gz", hash = "sha256:d03f0a76a2b96805044ad1178b92aeeb5f695caa6776a32522bb5c430a55b4e8"},
]

[package.extras]
test = ["coverage (>=4.2)", "flake8 (>=3.0.4)", "path.py (>=11.5.0)", "pytest (>=3.0.3)", "pytest-cov (>=2.4.0)", "pytest-runner (>=2.9)", "pytest-virtualenv (>=1.7.0)", "scikit-build (>=0.10.0)", "setuptools (>=28.0.0)", "virtualenv (>=15.0.3)", "wheel"]

[[package]]
name = "find-libpython"
version = "0.3.0"
description = "Finds the libpython associated with your environment, wherever it may be hiding"
optional = false
python-versions = "*"
files = [
    {file = "find_libpython-0.3.0-py3-none-any.whl", hash = "sha256:93fa14c8d007a7f9e6b650a486e249b49f01fd8d45b83ecf080a78b1a7011214"},
    {file = "find_libpython-0.3.0.tar.gz", hash = "sha256:6e7fe5d9af7fad6dc066cb5515a0e9c90a71f1feb2bb2f8e4cdbb4f83276e9e5"},
]

[[package]]
name = "ninja"
version = "1.11.1"
description = "Ninja is a small build system with a focus on speed"
optional = false
python-versions = "*"
files = [
    {file = "ninja-1.11.1-py2.py3-none-macosx_10_9_universal2.macosx_10_9_x86_64.macosx_11_0_arm64.macosx_11_0_universal2.whl", hash = "sha256:f48c3c6eea204062f6bbf089dfc63e1ad41a08640e1da46ef2b30fa426f7ce23"},
    {file = "ninja-1.11.1-py2.py3-none-manylinux_2_12_i686.manylinux2010_i686.whl", hash = "sha256:edec1053e141253076b2df7ec03a246ff581e9270aa1ca9759397b21e2760e57"},
    {file = "ninja-1.11.1-py2.py3-none-manylinux_2_12_x86_64.manylinux2010_x86_64.whl", hash = "sha256:817e2aee2a4d28a708a67bcfba1817ae502c32c6d8ef80e50d63b0f23adf3a08"},
    {file = "ninja-1.11.1-py2.py3-none-manylinux_2_17_aarch64.manylinux2014_aarch64.whl", hash = "sha256:df11b8afea0501883e33faeb1c43d2ef67f466d5f4bd85f9c376e9a93a43a277"},
    {file = "ninja-1.11.1-py2.py3-none-manylinux_2_17_ppc64le.manylinux2014_ppc64le.whl", hash = "sha256:a7a564fe755ddfbdbccb07b0b758e3f8460e5f8ba1adaab40a5eaa2f8c01ce68"},
    {file = "ninja-1.11.1-py2.py3-none-manylinux_2_17_s390x.manylinux2014_s390x.whl", hash = "sha256:1c474326e11fba3f8c2582715d79216292e327d3335367c0e87e9647a002cc4a"},
    {file = "ninja-1.11.1-py2.py3-none-manylinux_2_5_i686.manylinux1_i686.whl", hash = "sha256:6f6465a7efe6473a2a34edab83633594de19d59406a727316e1367ebcc528908"},
    {file = "ninja-1.11.1-py2.py3-none-manylinux_2_5_x86_64.manylinux1_x86_64.whl", hash = "sha256:642cb64d859276998f14972724850e0c5b7febbc1bce3d2065b7e0cb7d3a0b79"},
    {file = "ninja-1.11.1-py2.py3-none-musllinux_1_1_aarch64.whl", hash = "sha256:60179bb4f22c88279c53a5402bb5fe81c97c627a28d93c737d1fa067d892115d"},
    {file = "ninja-1.11.1-py2.py3-none-musllinux_1_1_i686.whl", hash = "sha256:34753459493543782d87267e4cad63dd4639b07f8394ffe6d4417e9eda05c8a8"},
    {file = "ninja-1.11.1-py2.py3-none-musllinux_1_1_ppc64le.whl", hash = "sha256:779f228e407c54a8b6e4cbf8f835489998dd250f67bf1b9bd7b8a8ab6bdcdc7b"},
    {file = "ninja-1.11.1-py2.py3-none-musllinux_1_1_s390x.whl", hash = "sha256:ba50a32424912e5f3ee40d791b506a160dc0eeda7de5ad8faebe7aa8006244dc"},
    {file = "ninja-1.11.1-py2.py3-none-musllinux_1_1_x86_64.whl", hash = "sha256:3b28b595ed580752240ade7821b6cb7a5a4c6a604c865dc474bd38f06e2eb7f5"},
    {file = "ninja-1.11.1-py2.py3-none-win32.whl", hash = "sha256:3329b4b7c1694730772522a3ba0ba40fd15c012476ed3e1c9f0fd9e76190394e"},
    {file = "ninja-1.11.1-py2.py3-none-win_amd64.whl", hash = "sha256:4e547bc759c570773d83d110c41fd5ca9a94c0a9a8388f5a3ea37bdf97d002b0"},
    {file = "ninja-1.11.1-py2.py3-none-win_arm64.whl", hash = "sha256:8cf96f92ccc851c600cb3e1251c34db06f1dd682de79188ad490c33cddc66981"},
    {file = "ninja-1.11.1.tar.gz", hash = "sha256:c833a47d39b2d1eee3f9ca886fa1581efd5be6068b82734ac229961ee8748f90"},
]

[package.extras]
test = ["codecov (>=2.0.5)", "coverage (>=4.2)", "flake8 (>=3.0.4)", "pytest (>=4.5.0)", "pytest-cov (>=2.7.1)", "pytest-runner (>=5.1)", "pytest-virtualenv (>=1.7.0)", "virtualenv (>=15.0.3)"]

[metadata]
lock-version = "2.0"
python-versions = "^3.8"
content-hash = "9435910787871e20dc257e6f7a54a88e17e99e52b0b0c42903efe80b67ff1d93"
