# This file is automatically @generated by Poetry 1.5.1 and should not be changed by hand.

[[package]]
name = "cmake"
version = "3.26.4"
description = "CMake is an open-source, cross-platform family of tools designed to build, test and package software"
optional = false
python-versions = "*"
files = [
    {file = "cmake-3.26.4-py2.py3-none-macosx_10_10_universal2.macosx_10_10_x86_64.macosx_11_0_arm64.macosx_11_0_universal2.whl", hash = "sha256:230227bf99f36614de84cdc92ffce3a50eb2803020e946f8da945a08fcf766bf"},
    {file = "cmake-3.26.4-py2.py3-none-manylinux2010_i686.manylinux_2_12_i686.whl", hash = "sha256:248a90816abfc10ff6e1109b54b8235c3e62f0ac92da16541753deb3b5ae063d"},
    {file = "cmake-3.26.4-py2.py3-none-manylinux2010_x86_64.manylinux_2_12_x86_64.whl", hash = "sha256:1b92f9f59f48c803106dbdd6750b0f571a0500e25d3a62c42ba84bb7a9240d10"},
    {file = "cmake-3.26.4-py2.py3-none-manylinux2014_aarch64.manylinux_2_17_aarch64.whl", hash = "sha256:3175442985558d5415b97f264a6a1bb0af5ecfe10e3f7510257b1ea66bd33848"},
    {file = "cmake-3.26.4-py2.py3-none-manylinux2014_i686.manylinux_2_17_i686.whl", hash = "sha256:1d887be5f1a3f17559a78707a6bc0560f4f8cb93cebb9d823d90a63e68bae09b"},
    {file = "cmake-3.26.4-py2.py3-none-manylinux2014_ppc64le.manylinux_2_17_ppc64le.whl", hash = "sha256:235d8eac93a28dcce5a1cd7130412885a2aa53d5735cb2230e0f26f589347b65"},
    {file = "cmake-3.26.4-py2.py3-none-manylinux2014_s390x.manylinux_2_17_s390x.whl", hash = "sha256:05cfd76c637eb22058c95e2dc383cadd4e0615e2643e637bb498a6cc24825790"},
    {file = "cmake-3.26.4-py2.py3-none-manylinux2014_x86_64.manylinux_2_17_x86_64.whl", hash = "sha256:93015da6f1c0e1e5f2debf752f1803ea52d742d915ad674043d36e471f937507"},
    {file = "cmake-3.26.4-py2.py3-none-musllinux_1_1_aarch64.whl", hash = "sha256:d726671ae7ae4aa6989e73d26b9f8f8e6af45163a26ea243949d72246566fdd8"},
    {file = "cmake-3.26.4-py2.py3-none-musllinux_1_1_i686.whl", hash = "sha256:432837364aa6cab2826a72e8a4cdd3586f5ac9ce495217ccd59aa70f2bba8120"},
    {file = "cmake-3.26.4-py2.py3-none-musllinux_1_1_ppc64le.whl", hash = "sha256:24110035aff586a04a6a6fcf4609270642e4f503c0620c962dff75b653f81414"},
    {file = "cmake-3.26.4-py2.py3-none-musllinux_1_1_s390x.whl", hash = "sha256:3e280e81713408987b7053f5b922c9f94e45668ca6efff1f02846309ca0b5b0f"},
    {file = "cmake-3.26.4-py2.py3-none-musllinux_1_1_x86_64.whl", hash = "sha256:c3b0e72750c0f6c0373242c1299bc4ffdbebdd5004966ae6df0b2e9845aa6990"},
    {file = "cmake-3.26.4-py2.py3-none-win32.whl", hash = "sha256:e058e59154a1e490fb9425b420f87e28144292397607638d73e323509f7efae6"},
    {file = "cmake-3.26.4-py2.py3-none-win_amd64.whl", hash = "sha256:b7a6946c345497c14064e0c9585b30f5aaebbefdfc0b245b6bb5a978eb4fc85f"},
    {file = "cmake-3.26.4-py2.py3-none-win_arm64.whl", hash = "sha256:93a03bad17b9741acaff4a8651f8596496506602fa123e70fe67142f1b21ee2e"},
    {file = "cmake-3.26.4.tar.gz", hash = "sha256:d45b30b9ce7280829888c78650177ab525df2b6785e1a5b3d82b4c147d828c0e"},
]

[package.extras]
test = ["coverage (>=4.2)", "flake8 (>=3.0.4)", "path.py (>=11.5.0)", "pytest (>=3.0.3)", "pytest-cov (>=2.4.0)", "pytest-runner (>=2.9)", "pytest-virtualenv (>=1.7.0)", "scikit-build (>=0.10.0)", "setuptools (>=28.0.0)", "virtualenv (>=15.0.3)", "wheel"]

[[package]]
name = "find-libpython"
version = "0.3.0"
description = "Finds the libpython associated with your environment, wherever it may be hiding"
optional = false
python-versions = "*"
files = [
    {file = "find_libpython-0.3.0-py3-none-any.whl", hash = "sha256:93fa14c8d007a7f9e6b650a486e249b49f01fd8d45b83ecf080a78b1a7011214"},
    {file = "find_libpython-0.3.0.tar.gz", hash = "sha256:6e7fe5d9af7fad6dc066cb5515a0e9c90a71f1feb2bb2f8e4cdbb4f83276e9e5"},
]

[[package]]
name = "ninja"
version = "1.11.1"
description = "Ninja is a small build system with a focus on speed"
optional = false
python-versions = "*"
files = [
    {file = "ninja-1.11.1-py2.py3-none-macosx_10_9_universal2.macosx_10_9_x86_64.macosx_11_0_arm64.macosx_11_0_universal2.whl", hash = "sha256:f48c3c6eea204062f6bbf089dfc63e1ad41a08640e1da46ef2b30fa426f7ce23"},
    {file = "ninja-1.11.1-py2.py3-none-manylinux_2_12_i686.manylinux2010_i686.whl", hash = "sha256:edec1053e141253076b2df7ec03a246ff581e9270aa1ca9759397b21e2760e57"},
    {file = "ninja-1.11.1-py2.py3-none-manylinux_2_12_x86_64.manylinux2010_x86_64.whl", hash = "sha256:817e2aee2a4d28a708a67bcfba1817ae502c32c6d8ef80e50d63b0f23adf3a08"},
    {file = "ninja-1.11.1-py2.py3-none-manylinux_2_17_aarch64.manylinux2014_aarch64.whl", hash = "sha256:df11b8afea0501883e33faeb1c43d2ef67f466d5f4bd85f9c376e9a93a43a277"},
    {file = "ninja-1.11.1-py2.py3-none-manylinux_2_17_ppc64le.manylinux2014_ppc64le.whl", hash = "sha256:a7a564fe755ddfbdbccb07b0b758e3f8460e5f8ba1adaab40a5eaa2f8c01ce68"},
    {file = "ninja-1.11.1-py2.py3-none-manylinux_2_17_s390x.manylinux2014_s390x.whl", hash = "sha256:1c474326e11fba3f8c2582715d79216292e327d3335367c0e87e9647a002cc4a"},
    {file = "ninja-1.11.1-py2.py3-none-manylinux_2_5_i686.manylinux1_i686.whl", hash = "sha256:6f6465a7efe6473a2a34edab83633594de19d59406a727316e1367ebcc528908"},
    {file = "ninja-1.11.1-py2.py3-none-manylinux_2_5_x86_64.manylinux1_x86_64.whl", hash = "sha256:642cb64d859276998f14972724850e0c5b7febbc1bce3d2065b7e0cb7d3a0b79"},
    {file = "ninja-1.11.1-py2.py3-none-musllinux_1_1_aarch64.whl", hash = "sha256:60179bb4f22c88279c53a5402bb5fe81c97c627a28d93c737d1fa067d892115d"},
    {file = "ninja-1.11.1-py2.py3-none-musllinux_1_1_i686.whl", hash = "sha256:34753459493543782d87267e4cad63dd4639b07f8394ffe6d4417e9eda05c8a8"},
    {file = "ninja-1.11.1-py2.py3-none-musllinux_1_1_ppc64le.whl", hash = "sha256:779f228e407c54a8b6e4cbf8f835489998dd250f67bf1b9bd7b8a8ab6bdcdc7b"},
    {file = "ninja-1.11.1-py2.py3-none-musllinux_1_1_s390x.whl", hash = "sha256:ba50a32424912e5f3ee40d791b506a160dc0eeda7de5ad8faebe7aa8006244dc"},
    {file = "ninja-1.11.1-py2.py3-none-musllinux_1_1_x86_64.whl", hash = "sha256:3b28b595ed580752240ade7821b6cb7a5a4c6a604c865dc474bd38f06e2eb7f5"},
    {file = "ninja-1.11.1-py2.py3-none-win32.whl", hash = "sha256:3329b4b7c1694730772522a3ba0ba40fd15c012476ed3e1c9f0fd9e76190394e"},
    {file = "ninja-1.11.1-py2.py3-none-win_amd64.whl", hash = "sha256:4e547bc759c570773d83d110c41fd5ca9a94c0a9a8388f5a3ea37bdf97d002b0"},
    {file = "ninja-1.11.1-py2.py3-none-win_arm64.whl", hash = "sha256:8cf96f92ccc851c600cb3e1251c34db06f1dd682de79188ad490c33cddc66981"},
    {file = "ninja-1.11.1.tar.gz", hash = "sha256:c833a47d39b2d1eee3f9ca886fa1581efd5be6068b82734ac229961ee8748f90"},
]

[package.extras]
test = ["codecov (>=2.0.5)", "coverage (>=4.2)", "flake8 (>=3.0.4)", "pytest (>=4.5.0)", "pytest-cov (>=2.7.1)", "pytest-runner (>=5.1)", "pytest-virtualenv (>=1.7.0)", "virtualenv (>=15.0.3)"]

[metadata]
lock-version = "2.0"
python-versions = "^3.8"
content-hash = "9435910787871e20dc257e6f7a54a88e17e99e52b0b0c42903efe80b67ff1d93"
